
Microsoft Visual Studio Solution File, Format Version 12.00
# Visual Studio 2012
Project("{FAE04EC0-301F-11D3-BF4B-00C04F79EFBC}") = "Imesh.Tools.HeaderCommenter", "Imesh.Tools.HeaderCommenter.csproj", "{9BC6F47F-B3C1-4D8C-A9DC-2AE4ADB2A9CB}"
EndProject
Global
	GlobalSection(SolutionConfigurationPlatforms) = preSolution
		Debug|Any CPU = Debug|Any CPU
		Release|Any CPU = Release|Any CPU
	EndGlobalSection
	GlobalSection(ProjectConfigurationPlatforms) = postSolution
		{9BC6F47F-B3C1-4D8C-A9DC-2AE4ADB2A9CB}.Debug|Any CPU.ActiveCfg = Debug|Any CPU
		{9BC6F47F-B3C1-4D8C-A9DC-2AE4ADB2A9CB}.Debug|Any CPU.Build.0 = Debug|Any CPU
		{9BC6F47F-B3C1-4D8C-A9DC-2AE4ADB2A9CB}.Release|Any CPU.ActiveCfg = Release|Any CPU
		{9BC6F47F-B3C1-4D8C-A9DC-2AE4ADB2A9CB}.Release|Any CPU.Build.0 = Release|Any CPU
	EndGlobalSection
	GlobalSection(SolutionProperties) = preSolution
		HideSolutionNode = FALSE
	EndGlobalSection
EndGlobal
